
Microsoft Visual Studio Solution File, Format Version 12.00
# Visual Studio Version 16
VisualStudioVersion = 16.0.29123.88
MinimumVisualStudioVersion = 10.0.40219.1
Project("{9A19103F-16F7-4668-BE54-9A1E7A4F7556}") = "dependenciesScanner", "dependenciesScanner.csproj", "{CF71C871-CB86-4430-A878-FB6F58E6DA30}"
EndProject
Global
	GlobalSection(SolutionConfigurationPlatforms) = preSolution
		Debug|Any CPU = Debug|Any CPU
		Release|Any CPU = Release|Any CPU
	EndGlobalSection
	GlobalSection(ProjectConfigurationPlatforms) = postSolution
		{CF71C871-CB86-4430-A878-FB6F58E6DA30}.Debug|Any CPU.ActiveCfg = Debug|Any CPU
		{CF71C871-CB86-4430-A878-FB6F58E6DA30}.Debug|Any CPU.Build.0 = Debug|Any CPU
		{CF71C871-CB86-4430-A878-FB6F58E6DA30}.Release|Any CPU.ActiveCfg = Release|Any CPU
		{CF71C871-CB86-4430-A878-FB6F58E6DA30}.Release|Any CPU.Build.0 = Release|Any CPU
	EndGlobalSection
	GlobalSection(SolutionProperties) = preSolution
		HideSolutionNode = FALSE
	EndGlobalSection
	GlobalSection(ExtensibilityGlobals) = postSolution
		SolutionGuid = {E44723F0-39E5-4229-BF81-56CDC41C5406}
	EndGlobalSection
EndGlobal
